// !$*UTF8*$!
{
	archiveVersion = 1;
	classes = {
	};
	objectVersion = 51;
	objects = {

/* Begin PBXBuildFile section */
		6058024EBD8C1085DB4DD5EC /* Pods_Moodiness.framework in Frameworks */ = {isa = PBXBuildFile; fileRef = 699BF611840001FBB52787D8 /* Pods_Moodiness.framework */; };
		8F1574A02484AB7B00968526 /* AppDelegate.swift in Sources */ = {isa = PBXBuildFile; fileRef = 8F15749F2484AB7B00968526 /* AppDelegate.swift */; };
		8F1574A22484AB7B00968526 /* SceneDelegate.swift in Sources */ = {isa = PBXBuildFile; fileRef = 8F1574A12484AB7B00968526 /* SceneDelegate.swift */; };
		8F1574A42484AB7B00968526 /* TenkiViewController.swift in Sources */ = {isa = PBXBuildFile; fileRef = 8F1574A32484AB7B00968526 /* TenkiViewController.swift */; };
		8F1574A72484AB7B00968526 /* Main.storyboard in Resources */ = {isa = PBXBuildFile; fileRef = 8F1574A52484AB7B00968526 /* Main.storyboard */; };
		8F1574A92484AB8000968526 /* Assets.xcassets in Resources */ = {isa = PBXBuildFile; fileRef = 8F1574A82484AB8000968526 /* Assets.xcassets */; };
		8F1574AC2484AB8000968526 /* LaunchScreen.storyboard in Resources */ = {isa = PBXBuildFile; fileRef = 8F1574AA2484AB8000968526 /* LaunchScreen.storyboard */; };
		8F5E31DE2485655700BF6390 /* TenkiMod.swift in Sources */ = {isa = PBXBuildFile; fileRef = 8F5E31DD2485655700BF6390 /* TenkiMod.swift */; };
		8F5E31E02485687300BF6390 /* TenkiCeo.swift in Sources */ = {isa = PBXBuildFile; fileRef = 8F5E31DF2485687300BF6390 /* TenkiCeo.swift */; };
		8F6639A52488529E00162223 /* GloballyUsed.swift in Sources */ = {isa = PBXBuildFile; fileRef = 8F6639A42488529E00162223 /* GloballyUsed.swift */; };
		8F6639A724889E8E00162223 /* ACViewController.swift in Sources */ = {isa = PBXBuildFile; fileRef = 8F6639A624889E8E00162223 /* ACViewController.swift */; };
		8F6639AA2488A31500162223 /* NauticaModel.swift in Sources */ = {isa = PBXBuildFile; fileRef = 8F6639A92488A31500162223 /* NauticaModel.swift */; };
		8F6FDD98248C9865002926D3 /* sunriseAlto.pdf in Resources */ = {isa = PBXBuildFile; fileRef = 8F6FDD97248C9865002926D3 /* sunriseAlto.pdf */; };
		8F6FDD9A248C986E002926D3 /* moonAlto.pdf in Resources */ = {isa = PBXBuildFile; fileRef = 8F6FDD99248C986E002926D3 /* moonAlto.pdf */; };
		8F7A4CD724874AA400116F47 /* NauticaData.swift in Sources */ = {isa = PBXBuildFile; fileRef = 8F7A4CD624874AA400116F47 /* NauticaData.swift */; };
/* End PBXBuildFile section */

/* Begin PBXFileReference section */
		32A26DED97545D274A7556AB /* Pods-Moodiness.release.xcconfig */ = {isa = PBXFileReference; includeInIndex = 1; lastKnownFileType = text.xcconfig; name = "Pods-Moodiness.release.xcconfig"; path = "Target Support Files/Pods-Moodiness/Pods-Moodiness.release.xcconfig"; sourceTree = "<group>"; };
		699BF611840001FBB52787D8 /* Pods_Moodiness.framework */ = {isa = PBXFileReference; explicitFileType = wrapper.framework; includeInIndex = 0; path = Pods_Moodiness.framework; sourceTree = BUILT_PRODUCTS_DIR; };
		8F15749C2484AB7B00968526 /* Moodiness.app */ = {isa = PBXFileReference; explicitFileType = wrapper.application; includeInIndex = 0; path = Moodiness.app; sourceTree = BUILT_PRODUCTS_DIR; };
		8F15749F2484AB7B00968526 /* AppDelegate.swift */ = {isa = PBXFileReference; lastKnownFileType = sourcecode.swift; path = AppDelegate.swift; sourceTree = "<group>"; };
		8F1574A12484AB7B00968526 /* SceneDelegate.swift */ = {isa = PBXFileReference; lastKnownFileType = sourcecode.swift; path = SceneDelegate.swift; sourceTree = "<group>"; };
		8F1574A32484AB7B00968526 /* TenkiViewController.swift */ = {isa = PBXFileReference; lastKnownFileType = sourcecode.swift; path = TenkiViewController.swift; sourceTree = "<group>"; };
		8F1574A62484AB7B00968526 /* Base */ = {isa = PBXFileReference; lastKnownFileType = file.storyboard; name = Base; path = Base.lproj/Main.storyboard; sourceTree = "<group>"; };
		8F1574A82484AB8000968526 /* Assets.xcassets */ = {isa = PBXFileReference; lastKnownFileType = folder.assetcatalog; path = Assets.xcassets; sourceTree = "<group>"; };
		8F1574AB2484AB8000968526 /* Base */ = {isa = PBXFileReference; lastKnownFileType = file.storyboard; name = Base; path = Base.lproj/LaunchScreen.storyboard; sourceTree = "<group>"; };
		8F1574AD2484AB8000968526 /* Info.plist */ = {isa = PBXFileReference; lastKnownFileType = text.plist.xml; path = Info.plist; sourceTree = "<group>"; };
		8F5E31DD2485655700BF6390 /* TenkiMod.swift */ = {isa = PBXFileReference; lastKnownFileType = sourcecode.swift; path = TenkiMod.swift; sourceTree = "<group>"; };
		8F5E31DF2485687300BF6390 /* TenkiCeo.swift */ = {isa = PBXFileReference; lastKnownFileType = sourcecode.swift; path = TenkiCeo.swift; sourceTree = "<group>"; };
		8F6639A42488529E00162223 /* GloballyUsed.swift */ = {isa = PBXFileReference; lastKnownFileType = sourcecode.swift; path = GloballyUsed.swift; sourceTree = "<group>"; };
		8F6639A624889E8E00162223 /* ACViewController.swift */ = {isa = PBXFileReference; lastKnownFileType = sourcecode.swift; path = ACViewController.swift; sourceTree = "<group>"; };
		8F6639A92488A31500162223 /* NauticaModel.swift */ = {isa = PBXFileReference; lastKnownFileType = sourcecode.swift; path = NauticaModel.swift; sourceTree = "<group>"; };
		8F6FDD97248C9865002926D3 /* sunriseAlto.pdf */ = {isa = PBXFileReference; lastKnownFileType = image.pdf; path = sunriseAlto.pdf; sourceTree = "<group>"; };
		8F6FDD99248C986E002926D3 /* moonAlto.pdf */ = {isa = PBXFileReference; lastKnownFileType = image.pdf; path = moonAlto.pdf; sourceTree = "<group>"; };
		8F7A4CD624874AA400116F47 /* NauticaData.swift */ = {isa = PBXFileReference; lastKnownFileType = sourcecode.swift; path = NauticaData.swift; sourceTree = "<group>"; };
		99040CCB9961E820B4542C75 /* Pods-Moodiness.debug.xcconfig */ = {isa = PBXFileReference; includeInIndex = 1; lastKnownFileType = text.xcconfig; name = "Pods-Moodiness.debug.xcconfig"; path = "Target Support Files/Pods-Moodiness/Pods-Moodiness.debug.xcconfig"; sourceTree = "<group>"; };
/* End PBXFileReference section */

/* Begin PBXFrameworksBuildPhase section */
		8F1574992484AB7B00968526 /* Frameworks */ = {
			isa = PBXFrameworksBuildPhase;
			buildActionMask = 2147483647;
			files = (
				6058024EBD8C1085DB4DD5EC /* Pods_Moodiness.framework in Frameworks */,
			);
			runOnlyForDeploymentPostprocessing = 0;
		};
/* End PBXFrameworksBuildPhase section */

/* Begin PBXGroup section */
		3E140569A25EF75A667B0910 /* Frameworks */ = {
			isa = PBXGroup;
			children = (
				699BF611840001FBB52787D8 /* Pods_Moodiness.framework */,
			);
			name = Frameworks;
			sourceTree = "<group>";
		};
		8F1574932484AB7B00968526 = {
			isa = PBXGroup;
			children = (
				8F15749E2484AB7B00968526 /* Moodiness */,
				8F15749D2484AB7B00968526 /* Products */,
				F019BE1D8960B646F231B67D /* Pods */,
				3E140569A25EF75A667B0910 /* Frameworks */,
			);
			sourceTree = "<group>";
		};
		8F15749D2484AB7B00968526 /* Products */ = {
			isa = PBXGroup;
			children = (
				8F15749C2484AB7B00968526 /* Moodiness.app */,
			);
			name = Products;
			sourceTree = "<group>";
		};
		8F15749E2484AB7B00968526 /* Moodiness */ = {
			isa = PBXGroup;
			children = (
				8F15749F2484AB7B00968526 /* AppDelegate.swift */,
				8F1574A12484AB7B00968526 /* SceneDelegate.swift */,
				8F1574A32484AB7B00968526 /* TenkiViewController.swift */,
				8F6639A824889ECD00162223 /* ViewControls */,
				8F5E31E12485693800BF6390 /* ChiefOps */,
				8F5E31DC2485652500BF6390 /* Model */,
				8F1574A52484AB7B00968526 /* Main.storyboard */,
				8F1574A82484AB8000968526 /* Assets.xcassets */,
				8F7A4CD524874A0700116F47 /* Climato Reverse-Engineer */,
				8F1574AA2484AB8000968526 /* LaunchScreen.storyboard */,
				8F1574AD2484AB8000968526 /* Info.plist */,
			);
			path = Moodiness;
			sourceTree = "<group>";
		};
		8F5E31DC2485652500BF6390 /* Model */ = {
			isa = PBXGroup;
			children = (
				8F5E31DD2485655700BF6390 /* TenkiMod.swift */,
				8F6639A42488529E00162223 /* GloballyUsed.swift */,
			);
			path = Model;
			sourceTree = "<group>";
		};
		8F5E31E12485693800BF6390 /* ChiefOps */ = {
			isa = PBXGroup;
			children = (
				8F5E31DF2485687300BF6390 /* TenkiCeo.swift */,
			);
			path = ChiefOps;
			sourceTree = "<group>";
		};
		8F6639A824889ECD00162223 /* ViewControls */ = {
			isa = PBXGroup;
			children = (
				8F6639A624889E8E00162223 /* ACViewController.swift */,
			);
			path = ViewControls;
			sourceTree = "<group>";
		};
		8F7A4CD524874A0700116F47 /* Climato Reverse-Engineer */ = {
			isa = PBXGroup;
			children = (
				8F7A4CD624874AA400116F47 /* NauticaData.swift */,
				8F6639A92488A31500162223 /* NauticaModel.swift */,
				8F6FDD97248C9865002926D3 /* sunriseAlto.pdf */,
				8F6FDD99248C986E002926D3 /* moonAlto.pdf */,
			);
			path = "Climato Reverse-Engineer";
			sourceTree = "<group>";
		};
		F019BE1D8960B646F231B67D /* Pods */ = {
			isa = PBXGroup;
			children = (
				99040CCB9961E820B4542C75 /* Pods-Moodiness.debug.xcconfig */,
				32A26DED97545D274A7556AB /* Pods-Moodiness.release.xcconfig */,
			);
			path = Pods;
			sourceTree = "<group>";
		};
/* End PBXGroup section */

/* Begin PBXNativeTarget section */
		8F15749B2484AB7B00968526 /* Moodiness */ = {
			isa = PBXNativeTarget;
			buildConfigurationList = 8F1574B02484AB8000968526 /* Build configuration list for PBXNativeTarget "Moodiness" */;
			buildPhases = (
				0AEFB597D0A29AFC09937B2E /* [CP] Check Pods Manifest.lock */,
				8F1574982484AB7B00968526 /* Sources */,
				8F1574992484AB7B00968526 /* Frameworks */,
				8F15749A2484AB7B00968526 /* Resources */,
				1A1CD6846A464C75484C387C /* [CP] Embed Pods Frameworks */,
			);
			buildRules = (
			);
			dependencies = (
			);
			name = Moodiness;
			productName = Moodiness;
			productReference = 8F15749C2484AB7B00968526 /* Moodiness.app */;
			productType = "com.apple.product-type.application";
		};
/* End PBXNativeTarget section */

/* Begin PBXProject section */
		8F1574942484AB7B00968526 /* Project object */ = {
			isa = PBXProject;
			attributes = {
				LastSwiftUpdateCheck = 1140;
				LastUpgradeCheck = 1140;
				ORGANIZATIONNAME = "Jerry Ren";
				TargetAttributes = {
					8F15749B2484AB7B00968526 = {
						CreatedOnToolsVersion = 11.4.1;
					};
				};
			};
			buildConfigurationList = 8F1574972484AB7B00968526 /* Build configuration list for PBXProject "Moodiness" */;
			compatibilityVersion = "Xcode 9.3";
			developmentRegion = en;
			hasScannedForEncodings = 0;
			knownRegions = (
				en,
				Base,
			);
			mainGroup = 8F1574932484AB7B00968526;
			productRefGroup = 8F15749D2484AB7B00968526 /* Products */;
			projectDirPath = "";
			projectRoot = "";
			targets = (
				8F15749B2484AB7B00968526 /* Moodiness */,
			);
		};
/* End PBXProject section */

/* Begin PBXResourcesBuildPhase section */
		8F15749A2484AB7B00968526 /* Resources */ = {
			isa = PBXResourcesBuildPhase;
			buildActionMask = 2147483647;
			files = (
				8F6FDD9A248C986E002926D3 /* moonAlto.pdf in Resources */,
				8F6FDD98248C9865002926D3 /* sunriseAlto.pdf in Resources */,
				8F1574AC2484AB8000968526 /* LaunchScreen.storyboard in Resources */,
				8F1574A92484AB8000968526 /* Assets.xcassets in Resources */,
				8F1574A72484AB7B00968526 /* Main.storyboard in Resources */,
			);
			runOnlyForDeploymentPostprocessing = 0;
		};
/* End PBXResourcesBuildPhase section */

/* Begin PBXShellScriptBuildPhase section */
		0AEFB597D0A29AFC09937B2E /* [CP] Check Pods Manifest.lock */ = {
			isa = PBXShellScriptBuildPhase;
			buildActionMask = 2147483647;
			files = (
			);
			inputFileListPaths = (
			);
			inputPaths = (
				"${PODS_PODFILE_DIR_PATH}/Podfile.lock",
				"${PODS_ROOT}/Manifest.lock",
			);
			name = "[CP] Check Pods Manifest.lock";
			outputFileListPaths = (
			);
			outputPaths = (
				"$(DERIVED_FILE_DIR)/Pods-Moodiness-checkManifestLockResult.txt",
			);
			runOnlyForDeploymentPostprocessing = 0;
			shellPath = /bin/sh;
			shellScript = "diff \"${PODS_PODFILE_DIR_PATH}/Podfile.lock\" \"${PODS_ROOT}/Manifest.lock\" > /dev/null\nif [ $? != 0 ] ; then\n    # print error to STDERR\n    echo \"error: The sandbox is not in sync with the Podfile.lock. Run 'pod install' or update your CocoaPods installation.\" >&2\n    exit 1\nfi\n# This output is used by Xcode 'outputs' to avoid re-running this script phase.\necho \"SUCCESS\" > \"${SCRIPT_OUTPUT_FILE_0}\"\n";
			showEnvVarsInLog = 0;
		};
		1A1CD6846A464C75484C387C /* [CP] Embed Pods Frameworks */ = {
			isa = PBXShellScriptBuildPhase;
			buildActionMask = 2147483647;
			files = (
			);
			inputFileListPaths = (
				"${PODS_ROOT}/Target Support Files/Pods-Moodiness/Pods-Moodiness-frameworks-${CONFIGURATION}-input-files.xcfilelist",
			);
			name = "[CP] Embed Pods Frameworks";
			outputFileListPaths = (
				"${PODS_ROOT}/Target Support Files/Pods-Moodiness/Pods-Moodiness-frameworks-${CONFIGURATION}-output-files.xcfilelist",
			);
			runOnlyForDeploymentPostprocessing = 0;
			shellPath = /bin/sh;
			shellScript = "\"${PODS_ROOT}/Target Support Files/Pods-Moodiness/Pods-Moodiness-frameworks.sh\"\n";
			showEnvVarsInLog = 0;
		};
/* End PBXShellScriptBuildPhase section */

/* Begin PBXSourcesBuildPhase section */
		8F1574982484AB7B00968526 /* Sources */ = {
			isa = PBXSourcesBuildPhase;
			buildActionMask = 2147483647;
			files = (
				8F7A4CD724874AA400116F47 /* NauticaData.swift in Sources */,
				8F1574A42484AB7B00968526 /* TenkiViewController.swift in Sources */,
				8F1574A02484AB7B00968526 /* AppDelegate.swift in Sources */,
				8F6639A52488529E00162223 /* GloballyUsed.swift in Sources */,
				8F6639AA2488A31500162223 /* NauticaModel.swift in Sources */,
				8F6639A724889E8E00162223 /* ACViewController.swift in Sources */,
				8F5E31E02485687300BF6390 /* TenkiCeo.swift in Sources */,
				8F1574A22484AB7B00968526 /* SceneDelegate.swift in Sources */,
				8F5E31DE2485655700BF6390 /* TenkiMod.swift in Sources */,
			);
			runOnlyForDeploymentPostprocessing = 0;
		};
/* End PBXSourcesBuildPhase section */

/* Begin PBXVariantGroup section */
		8F1574A52484AB7B00968526 /* Main.storyboard */ = {
			isa = PBXVariantGroup;
			children = (
				8F1574A62484AB7B00968526 /* Base */,
			);
			name = Main.storyboard;
			sourceTree = "<group>";
		};
		8F1574AA2484AB8000968526 /* LaunchScreen.storyboard */ = {
			isa = PBXVariantGroup;
			children = (
				8F1574AB2484AB8000968526 /* Base */,
			);
			name = LaunchScreen.storyboard;
			sourceTree = "<group>";
		};
/* End PBXVariantGroup section */

/* Begin XCBuildConfiguration section */
		8F1574AE2484AB8000968526 /* Debug */ = {
			isa = XCBuildConfiguration;
			buildSettings = {
				ALWAYS_SEARCH_USER_PATHS = NO;
				CLANG_ANALYZER_NONNULL = YES;
				CLANG_ANALYZER_NUMBER_OBJECT_CONVERSION = YES_AGGRESSIVE;
				CLANG_CXX_LANGUAGE_STANDARD = "gnu++14";
				CLANG_CXX_LIBRARY = "libc++";
				CLANG_ENABLE_MODULES = YES;
				CLANG_ENABLE_OBJC_ARC = YES;
				CLANG_ENABLE_OBJC_WEAK = YES;
				CLANG_WARN_BLOCK_CAPTURE_AUTORELEASING = YES;
				CLANG_WARN_BOOL_CONVERSION = YES;
				CLANG_WARN_COMMA = YES;
				CLANG_WARN_CONSTANT_CONVERSION = YES;
				CLANG_WARN_DEPRECATED_OBJC_IMPLEMENTATIONS = YES;
				CLANG_WARN_DIRECT_OBJC_ISA_USAGE = YES_ERROR;
				CLANG_WARN_DOCUMENTATION_COMMENTS = YES;
				CLANG_WARN_EMPTY_BODY = YES;
				CLANG_WARN_ENUM_CONVERSION = YES;
				CLANG_WARN_INFINITE_RECURSION = YES;
				CLANG_WARN_INT_CONVERSION = YES;
				CLANG_WARN_NON_LITERAL_NULL_CONVERSION = YES;
				CLANG_WARN_OBJC_IMPLICIT_RETAIN_SELF = YES;
				CLANG_WARN_OBJC_LITERAL_CONVERSION = YES;
				CLANG_WARN_OBJC_ROOT_CLASS = YES_ERROR;
				CLANG_WARN_RANGE_LOOP_ANALYSIS = YES;
				CLANG_WARN_STRICT_PROTOTYPES = YES;
				CLANG_WARN_SUSPICIOUS_MOVE = YES;
				CLANG_WARN_UNGUARDED_AVAILABILITY = YES_AGGRESSIVE;
				CLANG_WARN_UNREACHABLE_CODE = YES;
				CLANG_WARN__DUPLICATE_METHOD_MATCH = YES;
				COPY_PHASE_STRIP = NO;
				DEBUG_INFORMATION_FORMAT = dwarf;
				ENABLE_STRICT_OBJC_MSGSEND = YES;
				ENABLE_TESTABILITY = YES;
				GCC_C_LANGUAGE_STANDARD = gnu11;
				GCC_DYNAMIC_NO_PIC = NO;
				GCC_NO_COMMON_BLOCKS = YES;
				GCC_OPTIMIZATION_LEVEL = 0;
				GCC_PREPROCESSOR_DEFINITIONS = (
					"DEBUG=1",
					"$(inherited)",
				);
				GCC_WARN_64_TO_32_BIT_CONVERSION = YES;
				GCC_WARN_ABOUT_RETURN_TYPE = YES_ERROR;
				GCC_WARN_UNDECLARED_SELECTOR = YES;
				GCC_WARN_UNINITIALIZED_AUTOS = YES_AGGRESSIVE;
				GCC_WARN_UNUSED_FUNCTION = YES;
				GCC_WARN_UNUSED_VARIABLE = YES;
				IPHONEOS_DEPLOYMENT_TARGET = 13.4;
				MTL_ENABLE_DEBUG_INFO = INCLUDE_SOURCE;
				MTL_FAST_MATH = YES;
				ONLY_ACTIVE_ARCH = YES;
				SDKROOT = iphoneos;
				SWIFT_ACTIVE_COMPILATION_CONDITIONS = DEBUG;
				SWIFT_OPTIMIZATION_LEVEL = "-Onone";
			};
			name = Debug;
		};
		8F1574AF2484AB8000968526 /* Release */ = {
			isa = XCBuildConfiguration;
			buildSettings = {
				ALWAYS_SEARCH_USER_PATHS = NO;
				CLANG_ANALYZER_NONNULL = YES;
				CLANG_ANALYZER_NUMBER_OBJECT_CONVERSION = YES_AGGRESSIVE;
				CLANG_CXX_LANGUAGE_STANDARD = "gnu++14";
				CLANG_CXX_LIBRARY = "libc++";
				CLANG_ENABLE_MODULES = YES;
				CLANG_ENABLE_OBJC_ARC = YES;
				CLANG_ENABLE_OBJC_WEAK = YES;
				CLANG_WARN_BLOCK_CAPTURE_AUTORELEASING = YES;
				CLANG_WARN_BOOL_CONVERSION = YES;
				CLANG_WARN_COMMA = YES;
				CLANG_WARN_CONSTANT_CONVERSION = YES;
				CLANG_WARN_DEPRECATED_OBJC_IMPLEMENTATIONS = YES;
				CLANG_WARN_DIRECT_OBJC_ISA_USAGE = YES_ERROR;
				CLANG_WARN_DOCUMENTATION_COMMENTS = YES;
				CLANG_WARN_EMPTY_BODY = YES;
				CLANG_WARN_ENUM_CONVERSION = YES;
				CLANG_WARN_INFINITE_RECURSION = YES;
				CLANG_WARN_INT_CONVERSION = YES;
				CLANG_WARN_NON_LITERAL_NULL_CONVERSION = YES;
				CLANG_WARN_OBJC_IMPLICIT_RETAIN_SELF = YES;
				CLANG_WARN_OBJC_LITERAL_CONVERSION = YES;
				CLANG_WARN_OBJC_ROOT_CLASS = YES_ERROR;
				CLANG_WARN_RANGE_LOOP_ANALYSIS = YES;
				CLANG_WARN_STRICT_PROTOTYPES = YES;
				CLANG_WARN_SUSPICIOUS_MOVE = YES;
				CLANG_WARN_UNGUARDED_AVAILABILITY = YES_AGGRESSIVE;
				CLANG_WARN_UNREACHABLE_CODE = YES;
				CLANG_WARN__DUPLICATE_METHOD_MATCH = YES;
				COPY_PHASE_STRIP = NO;
				DEBUG_INFORMATION_FORMAT = "dwarf-with-dsym";
				ENABLE_NS_ASSERTIONS = NO;
				ENABLE_STRICT_OBJC_MSGSEND = YES;
				GCC_C_LANGUAGE_STANDARD = gnu11;
				GCC_NO_COMMON_BLOCKS = YES;
				GCC_WARN_64_TO_32_BIT_CONVERSION = YES;
				GCC_WARN_ABOUT_RETURN_TYPE = YES_ERROR;
				GCC_WARN_UNDECLARED_SELECTOR = YES;
				GCC_WARN_UNINITIALIZED_AUTOS = YES_AGGRESSIVE;
				GCC_WARN_UNUSED_FUNCTION = YES;
				GCC_WARN_UNUSED_VARIABLE = YES;
				IPHONEOS_DEPLOYMENT_TARGET = 13.4;
				MTL_ENABLE_DEBUG_INFO = NO;
				MTL_FAST_MATH = YES;
				SDKROOT = iphoneos;
				SWIFT_COMPILATION_MODE = wholemodule;
				SWIFT_OPTIMIZATION_LEVEL = "-O";
				VALIDATE_PRODUCT = YES;
			};
			name = Release;
		};
		8F1574B12484AB8000968526 /* Debug */ = {
			isa = XCBuildConfiguration;
			baseConfigurationReference = 99040CCB9961E820B4542C75 /* Pods-Moodiness.debug.xcconfig */;
			buildSettings = {
				ASSETCATALOG_COMPILER_APPICON_NAME = AppIcon;
				CODE_SIGN_STYLE = Automatic;
				DEVELOPMENT_TEAM = AAPS2WKL6R;
				INFOPLIST_FILE = Moodiness/Info.plist;
				LD_RUNPATH_SEARCH_PATHS = (
					"$(inherited)",
					"@executable_path/Frameworks",
				);
				PRODUCT_BUNDLE_IDENTIFIER = com.JerryRen.Moodiness;
				PRODUCT_NAME = "$(TARGET_NAME)";
				SWIFT_VERSION = 5.0;
				TARGETED_DEVICE_FAMILY = "1,2";
			};
			name = Debug;
		};
		8F1574B22484AB8000968526 /* Release */ = {
			isa = XCBuildConfiguration;
			baseConfigurationReference = 32A26DED97545D274A7556AB /* Pods-Moodiness.release.xcconfig */;
			buildSettings = {
				ASSETCATALOG_COMPILER_APPICON_NAME = AppIcon;
				CODE_SIGN_STYLE = Automatic;
				DEVELOPMENT_TEAM = AAPS2WKL6R;
				INFOPLIST_FILE = Moodiness/Info.plist;
				LD_RUNPATH_SEARCH_PATHS = (
					"$(inherited)",
					"@executable_path/Frameworks",
				);
				PRODUCT_BUNDLE_IDENTIFIER = com.JerryRen.Moodiness;
				PRODUCT_NAME = "$(TARGET_NAME)";
				SWIFT_VERSION = 5.0;
				TARGETED_DEVICE_FAMILY = "1,2";
			};
			name = Release;
		};
/* End XCBuildConfiguration section */

/* Begin XCConfigurationList section */
		8F1574972484AB7B00968526 /* Build configuration list for PBXProject "Moodiness" */ = {
			isa = XCConfigurationList;
			buildConfigurations = (
				8F1574AE2484AB8000968526 /* Debug */,
				8F1574AF2484AB8000968526 /* Release */,
			);
			defaultConfigurationIsVisible = 0;
			defaultConfigurationName = Release;
		};
		8F1574B02484AB8000968526 /* Build configuration list for PBXNativeTarget "Moodiness" */ = {
			isa = XCConfigurationList;
			buildConfigurations = (
				8F1574B12484AB8000968526 /* Debug */,
				8F1574B22484AB8000968526 /* Release */,
			);
			defaultConfigurationIsVisible = 0;
			defaultConfigurationName = Release;
		};
/* End XCConfigurationList section */
	};
	rootObject = 8F1574942484AB7B00968526 /* Project object */;
}
