PODS:
  - Alamofire (5.2.0)
  - SkeletonView (1.8.7)

DEPENDENCIES:
  - Alamofire
  - SkeletonView

SPEC REPOS:
  trunk:
    - Alamofire
    - SkeletonView

SPEC CHECKSUMS:
  Alamofire: c1ca147559e730bfb2182c8c7aafbdd90a867987
  SkeletonView: ba5370f41280b2f0a76918bb143c1294232bb4f4

PODFILE CHECKSUM: df0dd079ef18dde12b2bebeffed68bf95c548bb8

COCOAPODS: 1.9.2
